
Microsoft Visual Studio Solution File, Format Version 12.00
# Visual Studio Version 17
VisualStudioVersion = 17.0.31512.422
MinimumVisualStudioVersion = 10.0.40219.1
Project("{9A19103F-16F7-4668-BE54-9A1E7A4F7556}") = "Gadgetry", "Gadgetry\Gadgetry.csproj", "{5755ED6F-074D-41CB-BDC0-1EF6378073C9}"
EndProject
Project("{FAE04EC0-301F-11D3-BF4B-00C04F79EFBC}") = "Gadgetry.Demo", "Gadgetry.Demo\Gadgetry.Demo.csproj", "{869F8A43-5F93-4C81-B463-9619EF2F9A01}"
EndProject
Global
	GlobalSection(SolutionConfigurationPlatforms) = preSolution
		Debug|Any CPU = Debug|Any CPU
		Release|Any CPU = Release|Any CPU
	EndGlobalSection
	GlobalSection(ProjectConfigurationPlatforms) = postSolution
		{5755ED6F-074D-41CB-BDC0-1EF6378073C9}.Debug|Any CPU.ActiveCfg = Debug|Any CPU
		{5755ED6F-074D-41CB-BDC0-1EF6378073C9}.Debug|Any CPU.Build.0 = Debug|Any CPU
		{5755ED6F-074D-41CB-BDC0-1EF6378073C9}.Release|Any CPU.ActiveCfg = Release|Any CPU
		{5755ED6F-074D-41CB-BDC0-1EF6378073C9}.Release|Any CPU.Build.0 = Release|Any CPU
		{869F8A43-5F93-4C81-B463-9619EF2F9A01}.Debug|Any CPU.ActiveCfg = Debug|Any CPU
		{869F8A43-5F93-4C81-B463-9619EF2F9A01}.Debug|Any CPU.Build.0 = Debug|Any CPU
		{869F8A43-5F93-4C81-B463-9619EF2F9A01}.Release|Any CPU.ActiveCfg = Release|Any CPU
		{869F8A43-5F93-4C81-B463-9619EF2F9A01}.Release|Any CPU.Build.0 = Release|Any CPU
	EndGlobalSection
	GlobalSection(SolutionProperties) = preSolution
		HideSolutionNode = FALSE
	EndGlobalSection
	GlobalSection(ExtensibilityGlobals) = postSolution
		SolutionGuid = {A94FF174-80A3-45E4-9A47-41F1DD1FB74E}
	EndGlobalSection
EndGlobal
